// !$*UTF8*$!
{
	archiveVersion = 1;
	classes = {
	};
	objectVersion = 51;
	objects = {

/* Begin PBXBuildFile section */
		3F8697CE2586E66500E63F42 /* AppDelegate.swift in Sources */ = {isa = PBXBuildFile; fileRef = 3F8697CD2586E66500E63F42 /* AppDelegate.swift */; };
		3F8697D02586E66500E63F42 /* SceneDelegate.swift in Sources */ = {isa = PBXBuildFile; fileRef = 3F8697CF2586E66500E63F42 /* SceneDelegate.swift */; };
		3F8697D22586E66500E63F42 /* ViewController.swift in Sources */ = {isa = PBXBuildFile; fileRef = 3F8697D12586E66500E63F42 /* ViewController.swift */; };
		3F8697D52586E66500E63F42 /* Main.storyboard in Resources */ = {isa = PBXBuildFile; fileRef = 3F8697D32586E66500E63F42 /* Main.storyboard */; };
		3F8697D72586E66800E63F42 /* Assets.xcassets in Resources */ = {isa = PBXBuildFile; fileRef = 3F8697D62586E66800E63F42 /* Assets.xcassets */; };
		3F8697DA2586E66800E63F42 /* LaunchScreen.storyboard in Resources */ = {isa = PBXBuildFile; fileRef = 3F8697D82586E66800E63F42 /* LaunchScreen.storyboard */; };
		3F8697E52586E66900E63F42 /* digio_testeTests.swift in Sources */ = {isa = PBXBuildFile; fileRef = 3F8697E42586E66900E63F42 /* digio_testeTests.swift */; };
		3F8697F02586E66900E63F42 /* digio_testeUITests.swift in Sources */ = {isa = PBXBuildFile; fileRef = 3F8697EF2586E66900E63F42 /* digio_testeUITests.swift */; };
		3F8698122586E81000E63F42 /* contentModel.swift in Sources */ = {isa = PBXBuildFile; fileRef = 3F8698112586E81000E63F42 /* contentModel.swift */; };
		3F86981B2586E82500E63F42 /* Helpers.swift in Sources */ = {isa = PBXBuildFile; fileRef = 3F86981A2586E82500E63F42 /* Helpers.swift */; };
		3F8698212586E83500E63F42 /* HomeViewController.swift in Sources */ = {isa = PBXBuildFile; fileRef = 3F8698202586E83500E63F42 /* HomeViewController.swift */; };
		3F8698272586E84500E63F42 /* Intercept.swift in Sources */ = {isa = PBXBuildFile; fileRef = 3F8698262586E84500E63F42 /* Intercept.swift */; };
		3F8698302586F38400E63F42 /* HomeView.swift in Sources */ = {isa = PBXBuildFile; fileRef = 3F86982C2586F38400E63F42 /* HomeView.swift */; };
		3F8698312586F38400E63F42 /* SpotlightCell.swift in Sources */ = {isa = PBXBuildFile; fileRef = 3F86982E2586F38400E63F42 /* SpotlightCell.swift */; };
		3F8698322586F38400E63F42 /* ProductsCell.swift in Sources */ = {isa = PBXBuildFile; fileRef = 3F86982F2586F38400E63F42 /* ProductsCell.swift */; };
		3F8698382586F42500E63F42 /* APIService.swift in Sources */ = {isa = PBXBuildFile; fileRef = 3F8698372586F42500E63F42 /* APIService.swift */; };
		607D456D4248BC7C8205EA38 /* Pods_digio_teste.framework in Frameworks */ = {isa = PBXBuildFile; fileRef = 2A4B0DE64EF9A2E6364B47CD /* Pods_digio_teste.framework */; };
		729A82A1C38521A2FF4512F6 /* Pods_digio_teste_digio_testeUITests.framework in Frameworks */ = {isa = PBXBuildFile; fileRef = DC079DEB22254C71293EEDA4 /* Pods_digio_teste_digio_testeUITests.framework */; };
		B35A3459298DEEE7E30529E3 /* Pods_digio_testeTests.framework in Frameworks */ = {isa = PBXBuildFile; fileRef = CCEE6D613E526FD65F6C2062 /* Pods_digio_testeTests.framework */; };
/* End PBXBuildFile section */

/* Begin PBXContainerItemProxy section */
		3F8697E12586E66900E63F42 /* PBXContainerItemProxy */ = {
			isa = PBXContainerItemProxy;
			containerPortal = 3F8697C22586E66500E63F42 /* Project object */;
			proxyType = 1;
			remoteGlobalIDString = 3F8697C92586E66500E63F42;
			remoteInfo = digio_teste;
		};
		3F8697EC2586E66900E63F42 /* PBXContainerItemProxy */ = {
			isa = PBXContainerItemProxy;
			containerPortal = 3F8697C22586E66500E63F42 /* Project object */;
			proxyType = 1;
			remoteGlobalIDString = 3F8697C92586E66500E63F42;
			remoteInfo = digio_teste;
		};
/* End PBXContainerItemProxy section */

/* Begin PBXFileReference section */
		2A4B0DE64EF9A2E6364B47CD /* Pods_digio_teste.framework */ = {isa = PBXFileReference; explicitFileType = wrapper.framework; includeInIndex = 0; path = Pods_digio_teste.framework; sourceTree = BUILT_PRODUCTS_DIR; };
		3F8697CA2586E66500E63F42 /* digio_teste.app */ = {isa = PBXFileReference; explicitFileType = wrapper.application; includeInIndex = 0; path = digio_teste.app; sourceTree = BUILT_PRODUCTS_DIR; };
		3F8697CD2586E66500E63F42 /* AppDelegate.swift */ = {isa = PBXFileReference; lastKnownFileType = sourcecode.swift; path = AppDelegate.swift; sourceTree = "<group>"; };
		3F8697CF2586E66500E63F42 /* SceneDelegate.swift */ = {isa = PBXFileReference; lastKnownFileType = sourcecode.swift; path = SceneDelegate.swift; sourceTree = "<group>"; };
		3F8697D12586E66500E63F42 /* ViewController.swift */ = {isa = PBXFileReference; lastKnownFileType = sourcecode.swift; path = ViewController.swift; sourceTree = "<group>"; };
		3F8697D42586E66500E63F42 /* Base */ = {isa = PBXFileReference; lastKnownFileType = file.storyboard; name = Base; path = Base.lproj/Main.storyboard; sourceTree = "<group>"; };
		3F8697D62586E66800E63F42 /* Assets.xcassets */ = {isa = PBXFileReference; lastKnownFileType = folder.assetcatalog; path = Assets.xcassets; sourceTree = "<group>"; };
		3F8697D92586E66800E63F42 /* Base */ = {isa = PBXFileReference; lastKnownFileType = file.storyboard; name = Base; path = Base.lproj/LaunchScreen.storyboard; sourceTree = "<group>"; };
		3F8697DB2586E66800E63F42 /* Info.plist */ = {isa = PBXFileReference; lastKnownFileType = text.plist.xml; path = Info.plist; sourceTree = "<group>"; };
		3F8697E02586E66900E63F42 /* digio_testeTests.xctest */ = {isa = PBXFileReference; explicitFileType = wrapper.cfbundle; includeInIndex = 0; path = digio_testeTests.xctest; sourceTree = BUILT_PRODUCTS_DIR; };
		3F8697E42586E66900E63F42 /* digio_testeTests.swift */ = {isa = PBXFileReference; lastKnownFileType = sourcecode.swift; path = digio_testeTests.swift; sourceTree = "<group>"; };
		3F8697E62586E66900E63F42 /* Info.plist */ = {isa = PBXFileReference; lastKnownFileType = text.plist.xml; path = Info.plist; sourceTree = "<group>"; };
		3F8697EB2586E66900E63F42 /* digio_testeUITests.xctest */ = {isa = PBXFileReference; explicitFileType = wrapper.cfbundle; includeInIndex = 0; path = digio_testeUITests.xctest; sourceTree = BUILT_PRODUCTS_DIR; };
		3F8697EF2586E66900E63F42 /* digio_testeUITests.swift */ = {isa = PBXFileReference; lastKnownFileType = sourcecode.swift; path = digio_testeUITests.swift; sourceTree = "<group>"; };
		3F8697F12586E66900E63F42 /* Info.plist */ = {isa = PBXFileReference; lastKnownFileType = text.plist.xml; path = Info.plist; sourceTree = "<group>"; };
		3F8698112586E81000E63F42 /* contentModel.swift */ = {isa = PBXFileReference; fileEncoding = 4; lastKnownFileType = sourcecode.swift; path = contentModel.swift; sourceTree = "<group>"; };
		3F86981A2586E82500E63F42 /* Helpers.swift */ = {isa = PBXFileReference; fileEncoding = 4; lastKnownFileType = sourcecode.swift; path = Helpers.swift; sourceTree = "<group>"; };
		3F8698202586E83500E63F42 /* HomeViewController.swift */ = {isa = PBXFileReference; fileEncoding = 4; lastKnownFileType = sourcecode.swift; path = HomeViewController.swift; sourceTree = "<group>"; };
		3F8698262586E84500E63F42 /* Intercept.swift */ = {isa = PBXFileReference; fileEncoding = 4; lastKnownFileType = sourcecode.swift; path = Intercept.swift; sourceTree = "<group>"; };
		3F86982C2586F38400E63F42 /* HomeView.swift */ = {isa = PBXFileReference; fileEncoding = 4; lastKnownFileType = sourcecode.swift; path = HomeView.swift; sourceTree = "<group>"; };
		3F86982E2586F38400E63F42 /* SpotlightCell.swift */ = {isa = PBXFileReference; fileEncoding = 4; lastKnownFileType = sourcecode.swift; path = SpotlightCell.swift; sourceTree = "<group>"; };
		3F86982F2586F38400E63F42 /* ProductsCell.swift */ = {isa = PBXFileReference; fileEncoding = 4; lastKnownFileType = sourcecode.swift; path = ProductsCell.swift; sourceTree = "<group>"; };
		3F8698372586F42500E63F42 /* APIService.swift */ = {isa = PBXFileReference; fileEncoding = 4; lastKnownFileType = sourcecode.swift; path = APIService.swift; sourceTree = "<group>"; };
		45478CE1B859089363BA9E91 /* Pods-digio_teste-digio_testeUITests.debug.xcconfig */ = {isa = PBXFileReference; includeInIndex = 1; lastKnownFileType = text.xcconfig; name = "Pods-digio_teste-digio_testeUITests.debug.xcconfig"; path = "Target Support Files/Pods-digio_teste-digio_testeUITests/Pods-digio_teste-digio_testeUITests.debug.xcconfig"; sourceTree = "<group>"; };
		5EFBE7B4AFF3ACF9BD7A21ED /* Pods-digio_testeTests.debug.xcconfig */ = {isa = PBXFileReference; includeInIndex = 1; lastKnownFileType = text.xcconfig; name = "Pods-digio_testeTests.debug.xcconfig"; path = "Target Support Files/Pods-digio_testeTests/Pods-digio_testeTests.debug.xcconfig"; sourceTree = "<group>"; };
		76F568891466E70E64AAC102 /* Pods-digio_teste.release.xcconfig */ = {isa = PBXFileReference; includeInIndex = 1; lastKnownFileType = text.xcconfig; name = "Pods-digio_teste.release.xcconfig"; path = "Target Support Files/Pods-digio_teste/Pods-digio_teste.release.xcconfig"; sourceTree = "<group>"; };
		B1FC98FD4B2308A1C8A4DCCA /* Pods-digio_teste-digio_testeUITests.release.xcconfig */ = {isa = PBXFileReference; includeInIndex = 1; lastKnownFileType = text.xcconfig; name = "Pods-digio_teste-digio_testeUITests.release.xcconfig"; path = "Target Support Files/Pods-digio_teste-digio_testeUITests/Pods-digio_teste-digio_testeUITests.release.xcconfig"; sourceTree = "<group>"; };
		BEB4A83B17131AF041CE534E /* Pods-digio_testeTests.release.xcconfig */ = {isa = PBXFileReference; includeInIndex = 1; lastKnownFileType = text.xcconfig; name = "Pods-digio_testeTests.release.xcconfig"; path = "Target Support Files/Pods-digio_testeTests/Pods-digio_testeTests.release.xcconfig"; sourceTree = "<group>"; };
		C57DEC8746E52F36791AE30A /* Pods-digio_teste.debug.xcconfig */ = {isa = PBXFileReference; includeInIndex = 1; lastKnownFileType = text.xcconfig; name = "Pods-digio_teste.debug.xcconfig"; path = "Target Support Files/Pods-digio_teste/Pods-digio_teste.debug.xcconfig"; sourceTree = "<group>"; };
		CCEE6D613E526FD65F6C2062 /* Pods_digio_testeTests.framework */ = {isa = PBXFileReference; explicitFileType = wrapper.framework; includeInIndex = 0; path = Pods_digio_testeTests.framework; sourceTree = BUILT_PRODUCTS_DIR; };
		DC079DEB22254C71293EEDA4 /* Pods_digio_teste_digio_testeUITests.framework */ = {isa = PBXFileReference; explicitFileType = wrapper.framework; includeInIndex = 0; path = Pods_digio_teste_digio_testeUITests.framework; sourceTree = BUILT_PRODUCTS_DIR; };
/* End PBXFileReference section */

/* Begin PBXFrameworksBuildPhase section */
		3F8697C72586E66500E63F42 /* Frameworks */ = {
			isa = PBXFrameworksBuildPhase;
			buildActionMask = 2147483647;
			files = (
				607D456D4248BC7C8205EA38 /* Pods_digio_teste.framework in Frameworks */,
			);
			runOnlyForDeploymentPostprocessing = 0;
		};
		3F8697DD2586E66800E63F42 /* Frameworks */ = {
			isa = PBXFrameworksBuildPhase;
			buildActionMask = 2147483647;
			files = (
				B35A3459298DEEE7E30529E3 /* Pods_digio_testeTests.framework in Frameworks */,
			);
			runOnlyForDeploymentPostprocessing = 0;
		};
		3F8697E82586E66900E63F42 /* Frameworks */ = {
			isa = PBXFrameworksBuildPhase;
			buildActionMask = 2147483647;
			files = (
				729A82A1C38521A2FF4512F6 /* Pods_digio_teste_digio_testeUITests.framework in Frameworks */,
			);
			runOnlyForDeploymentPostprocessing = 0;
		};
/* End PBXFrameworksBuildPhase section */

/* Begin PBXGroup section */
		3F8697C12586E66500E63F42 = {
			isa = PBXGroup;
			children = (
				3F8697CC2586E66500E63F42 /* digio_teste */,
				3F8697E32586E66900E63F42 /* digio_testeTests */,
				3F8697EE2586E66900E63F42 /* digio_testeUITests */,
				3F8697CB2586E66500E63F42 /* Products */,
				FD1E01CECC5F9767F302B25A /* Pods */,
				D4EB5E85F0AC7E0D9CB0CF02 /* Frameworks */,
			);
			sourceTree = "<group>";
		};
		3F8697CB2586E66500E63F42 /* Products */ = {
			isa = PBXGroup;
			children = (
				3F8697CA2586E66500E63F42 /* digio_teste.app */,
				3F8697E02586E66900E63F42 /* digio_testeTests.xctest */,
				3F8697EB2586E66900E63F42 /* digio_testeUITests.xctest */,
			);
			name = Products;
			sourceTree = "<group>";
		};
		3F8697CC2586E66500E63F42 /* digio_teste */ = {
			isa = PBXGroup;
			children = (
				3F8698192586E82500E63F42 /* Helpers */,
				3F8698102586E81000E63F42 /* Models */,
				3F8697CD2586E66500E63F42 /* AppDelegate.swift */,
				3F86981F2586E83500E63F42 /* Controller */,
				3F8698252586E84500E63F42 /* Factory */,
				3F86982B2586F38400E63F42 /* View */,
				3F8698362586F42500E63F42 /* Services */,
				3F8697CF2586E66500E63F42 /* SceneDelegate.swift */,
				3F8697D12586E66500E63F42 /* ViewController.swift */,
				3F8697D32586E66500E63F42 /* Main.storyboard */,
				3F8697D62586E66800E63F42 /* Assets.xcassets */,
				3F8697D82586E66800E63F42 /* LaunchScreen.storyboard */,
				3F8697DB2586E66800E63F42 /* Info.plist */,
			);
			path = digio_teste;
			sourceTree = "<group>";
		};
		3F8697E32586E66900E63F42 /* digio_testeTests */ = {
			isa = PBXGroup;
			children = (
				3F8697E42586E66900E63F42 /* digio_testeTests.swift */,
				3F8697E62586E66900E63F42 /* Info.plist */,
			);
			path = digio_testeTests;
			sourceTree = "<group>";
		};
		3F8697EE2586E66900E63F42 /* digio_testeUITests */ = {
			isa = PBXGroup;
			children = (
				3F8697EF2586E66900E63F42 /* digio_testeUITests.swift */,
				3F8697F12586E66900E63F42 /* Info.plist */,
			);
			path = digio_testeUITests;
			sourceTree = "<group>";
		};
		3F8698102586E81000E63F42 /* Models */ = {
			isa = PBXGroup;
			children = (
				3F8698112586E81000E63F42 /* contentModel.swift */,
			);
			path = Models;
			sourceTree = "<group>";
		};
		3F8698192586E82500E63F42 /* Helpers */ = {
			isa = PBXGroup;
			children = (
				3F86981A2586E82500E63F42 /* Helpers.swift */,
			);
			path = Helpers;
			sourceTree = "<group>";
		};
		3F86981F2586E83500E63F42 /* Controller */ = {
			isa = PBXGroup;
			children = (
				3F8698202586E83500E63F42 /* HomeViewController.swift */,
			);
			path = Controller;
			sourceTree = "<group>";
		};
		3F8698252586E84500E63F42 /* Factory */ = {
			isa = PBXGroup;
			children = (
				3F8698262586E84500E63F42 /* Intercept.swift */,
			);
			path = Factory;
			sourceTree = "<group>";
		};
		3F86982B2586F38400E63F42 /* View */ = {
			isa = PBXGroup;
			children = (
				3F86982C2586F38400E63F42 /* HomeView.swift */,
				3F86982D2586F38400E63F42 /* cell */,
			);
			path = View;
			sourceTree = "<group>";
		};
		3F86982D2586F38400E63F42 /* cell */ = {
			isa = PBXGroup;
			children = (
				3F86982E2586F38400E63F42 /* SpotlightCell.swift */,
				3F86982F2586F38400E63F42 /* ProductsCell.swift */,
			);
			path = cell;
			sourceTree = "<group>";
		};
		3F8698362586F42500E63F42 /* Services */ = {
			isa = PBXGroup;
			children = (
				3F8698372586F42500E63F42 /* APIService.swift */,
			);
			path = Services;
			sourceTree = "<group>";
		};
		D4EB5E85F0AC7E0D9CB0CF02 /* Frameworks */ = {
			isa = PBXGroup;
			children = (
				2A4B0DE64EF9A2E6364B47CD /* Pods_digio_teste.framework */,
				DC079DEB22254C71293EEDA4 /* Pods_digio_teste_digio_testeUITests.framework */,
				CCEE6D613E526FD65F6C2062 /* Pods_digio_testeTests.framework */,
			);
			name = Frameworks;
			sourceTree = "<group>";
		};
		FD1E01CECC5F9767F302B25A /* Pods */ = {
			isa = PBXGroup;
			children = (
				C57DEC8746E52F36791AE30A /* Pods-digio_teste.debug.xcconfig */,
				76F568891466E70E64AAC102 /* Pods-digio_teste.release.xcconfig */,
				45478CE1B859089363BA9E91 /* Pods-digio_teste-digio_testeUITests.debug.xcconfig */,
				B1FC98FD4B2308A1C8A4DCCA /* Pods-digio_teste-digio_testeUITests.release.xcconfig */,
				5EFBE7B4AFF3ACF9BD7A21ED /* Pods-digio_testeTests.debug.xcconfig */,
				BEB4A83B17131AF041CE534E /* Pods-digio_testeTests.release.xcconfig */,
			);
			path = Pods;
			sourceTree = "<group>";
		};
/* End PBXGroup section */

/* Begin PBXNativeTarget section */
		3F8697C92586E66500E63F42 /* digio_teste */ = {
			isa = PBXNativeTarget;
			buildConfigurationList = 3F8697F42586E66900E63F42 /* Build configuration list for PBXNativeTarget "digio_teste" */;
			buildPhases = (
				D1A13450A8A71A7B47A58351 /* [CP] Check Pods Manifest.lock */,
				3F8697C62586E66500E63F42 /* Sources */,
				3F8697C72586E66500E63F42 /* Frameworks */,
				3F8697C82586E66500E63F42 /* Resources */,
				849FE114CFD18EE8CF949277 /* [CP] Embed Pods Frameworks */,
			);
			buildRules = (
			);
			dependencies = (
			);
			name = digio_teste;
			productName = digio_teste;
			productReference = 3F8697CA2586E66500E63F42 /* digio_teste.app */;
			productType = "com.apple.product-type.application";
		};
		3F8697DF2586E66800E63F42 /* digio_testeTests */ = {
			isa = PBXNativeTarget;
			buildConfigurationList = 3F8697F72586E66900E63F42 /* Build configuration list for PBXNativeTarget "digio_testeTests" */;
			buildPhases = (
				EF60EA63112C1C0CFE67C352 /* [CP] Check Pods Manifest.lock */,
				3F8697DC2586E66800E63F42 /* Sources */,
				3F8697DD2586E66800E63F42 /* Frameworks */,
				3F8697DE2586E66800E63F42 /* Resources */,
			);
			buildRules = (
			);
			dependencies = (
				3F8697E22586E66900E63F42 /* PBXTargetDependency */,
			);
			name = digio_testeTests;
			productName = digio_testeTests;
			productReference = 3F8697E02586E66900E63F42 /* digio_testeTests.xctest */;
			productType = "com.apple.product-type.bundle.unit-test";
		};
		3F8697EA2586E66900E63F42 /* digio_testeUITests */ = {
			isa = PBXNativeTarget;
			buildConfigurationList = 3F8697FA2586E66900E63F42 /* Build configuration list for PBXNativeTarget "digio_testeUITests" */;
			buildPhases = (
				A8B8B9E7851122DBF73E9EEE /* [CP] Check Pods Manifest.lock */,
				3F8697E72586E66900E63F42 /* Sources */,
				3F8697E82586E66900E63F42 /* Frameworks */,
				3F8697E92586E66900E63F42 /* Resources */,
				9A00B487C1E91CA590187138 /* [CP] Embed Pods Frameworks */,
			);
			buildRules = (
			);
			dependencies = (
				3F8697ED2586E66900E63F42 /* PBXTargetDependency */,
			);
			name = digio_testeUITests;
			productName = digio_testeUITests;
			productReference = 3F8697EB2586E66900E63F42 /* digio_testeUITests.xctest */;
			productType = "com.apple.product-type.bundle.ui-testing";
		};
/* End PBXNativeTarget section */

/* Begin PBXProject section */
		3F8697C22586E66500E63F42 /* Project object */ = {
			isa = PBXProject;
			attributes = {
				LastSwiftUpdateCheck = 1220;
				LastUpgradeCheck = 1220;
				TargetAttributes = {
					3F8697C92586E66500E63F42 = {
						CreatedOnToolsVersion = 12.2;
					};
					3F8697DF2586E66800E63F42 = {
						CreatedOnToolsVersion = 12.2;
						TestTargetID = 3F8697C92586E66500E63F42;
					};
					3F8697EA2586E66900E63F42 = {
						CreatedOnToolsVersion = 12.2;
						TestTargetID = 3F8697C92586E66500E63F42;
					};
				};
			};
			buildConfigurationList = 3F8697C52586E66500E63F42 /* Build configuration list for PBXProject "digio_teste" */;
			compatibilityVersion = "Xcode 9.3";
			developmentRegion = en;
			hasScannedForEncodings = 0;
			knownRegions = (
				en,
				Base,
			);
			mainGroup = 3F8697C12586E66500E63F42;
			productRefGroup = 3F8697CB2586E66500E63F42 /* Products */;
			projectDirPath = "";
			projectRoot = "";
			targets = (
				3F8697C92586E66500E63F42 /* digio_teste */,
				3F8697DF2586E66800E63F42 /* digio_testeTests */,
				3F8697EA2586E66900E63F42 /* digio_testeUITests */,
			);
		};
/* End PBXProject section */

/* Begin PBXResourcesBuildPhase section */
		3F8697C82586E66500E63F42 /* Resources */ = {
			isa = PBXResourcesBuildPhase;
			buildActionMask = 2147483647;
			files = (
				3F8697DA2586E66800E63F42 /* LaunchScreen.storyboard in Resources */,
				3F8697D72586E66800E63F42 /* Assets.xcassets in Resources */,
				3F8697D52586E66500E63F42 /* Main.storyboard in Resources */,
			);
			runOnlyForDeploymentPostprocessing = 0;
		};
		3F8697DE2586E66800E63F42 /* Resources */ = {
			isa = PBXResourcesBuildPhase;
			buildActionMask = 2147483647;
			files = (
			);
			runOnlyForDeploymentPostprocessing = 0;
		};
		3F8697E92586E66900E63F42 /* Resources */ = {
			isa = PBXResourcesBuildPhase;
			buildActionMask = 2147483647;
			files = (
			);
			runOnlyForDeploymentPostprocessing = 0;
		};
/* End PBXResourcesBuildPhase section */

/* Begin PBXShellScriptBuildPhase section */
		849FE114CFD18EE8CF949277 /* [CP] Embed Pods Frameworks */ = {
			isa = PBXShellScriptBuildPhase;
			buildActionMask = 2147483647;
			files = (
			);
			inputFileListPaths = (
				"${PODS_ROOT}/Target Support Files/Pods-digio_teste/Pods-digio_teste-frameworks-${CONFIGURATION}-input-files.xcfilelist",
			);
			name = "[CP] Embed Pods Frameworks";
			outputFileListPaths = (
				"${PODS_ROOT}/Target Support Files/Pods-digio_teste/Pods-digio_teste-frameworks-${CONFIGURATION}-output-files.xcfilelist",
			);
			runOnlyForDeploymentPostprocessing = 0;
			shellPath = /bin/sh;
			shellScript = "\"${PODS_ROOT}/Target Support Files/Pods-digio_teste/Pods-digio_teste-frameworks.sh\"\n";
			showEnvVarsInLog = 0;
		};
		9A00B487C1E91CA590187138 /* [CP] Embed Pods Frameworks */ = {
			isa = PBXShellScriptBuildPhase;
			buildActionMask = 2147483647;
			files = (
			);
			inputFileListPaths = (
				"${PODS_ROOT}/Target Support Files/Pods-digio_teste-digio_testeUITests/Pods-digio_teste-digio_testeUITests-frameworks-${CONFIGURATION}-input-files.xcfilelist",
			);
			name = "[CP] Embed Pods Frameworks";
			outputFileListPaths = (
				"${PODS_ROOT}/Target Support Files/Pods-digio_teste-digio_testeUITests/Pods-digio_teste-digio_testeUITests-frameworks-${CONFIGURATION}-output-files.xcfilelist",
			);
			runOnlyForDeploymentPostprocessing = 0;
			shellPath = /bin/sh;
			shellScript = "\"${PODS_ROOT}/Target Support Files/Pods-digio_teste-digio_testeUITests/Pods-digio_teste-digio_testeUITests-frameworks.sh\"\n";
			showEnvVarsInLog = 0;
		};
		A8B8B9E7851122DBF73E9EEE /* [CP] Check Pods Manifest.lock */ = {
			isa = PBXShellScriptBuildPhase;
			buildActionMask = 2147483647;
			files = (
			);
			inputFileListPaths = (
			);
			inputPaths = (
				"${PODS_PODFILE_DIR_PATH}/Podfile.lock",
				"${PODS_ROOT}/Manifest.lock",
			);
			name = "[CP] Check Pods Manifest.lock";
			outputFileListPaths = (
			);
			outputPaths = (
				"$(DERIVED_FILE_DIR)/Pods-digio_teste-digio_testeUITests-checkManifestLockResult.txt",
			);
			runOnlyForDeploymentPostprocessing = 0;
			shellPath = /bin/sh;
			shellScript = "diff \"${PODS_PODFILE_DIR_PATH}/Podfile.lock\" \"${PODS_ROOT}/Manifest.lock\" > /dev/null\nif [ $? != 0 ] ; then\n    # print error to STDERR\n    echo \"error: The sandbox is not in sync with the Podfile.lock. Run 'pod install' or update your CocoaPods installation.\" >&2\n    exit 1\nfi\n# This output is used by Xcode 'outputs' to avoid re-running this script phase.\necho \"SUCCESS\" > \"${SCRIPT_OUTPUT_FILE_0}\"\n";
			showEnvVarsInLog = 0;
		};
		D1A13450A8A71A7B47A58351 /* [CP] Check Pods Manifest.lock */ = {
			isa = PBXShellScriptBuildPhase;
			buildActionMask = 2147483647;
			files = (
			);
			inputFileListPaths = (
			);
			inputPaths = (
				"${PODS_PODFILE_DIR_PATH}/Podfile.lock",
				"${PODS_ROOT}/Manifest.lock",
			);
			name = "[CP] Check Pods Manifest.lock";
			outputFileListPaths = (
			);
			outputPaths = (
				"$(DERIVED_FILE_DIR)/Pods-digio_teste-checkManifestLockResult.txt",
			);
			runOnlyForDeploymentPostprocessing = 0;
			shellPath = /bin/sh;
			shellScript = "diff \"${PODS_PODFILE_DIR_PATH}/Podfile.lock\" \"${PODS_ROOT}/Manifest.lock\" > /dev/null\nif [ $? != 0 ] ; then\n    # print error to STDERR\n    echo \"error: The sandbox is not in sync with the Podfile.lock. Run 'pod install' or update your CocoaPods installation.\" >&2\n    exit 1\nfi\n# This output is used by Xcode 'outputs' to avoid re-running this script phase.\necho \"SUCCESS\" > \"${SCRIPT_OUTPUT_FILE_0}\"\n";
			showEnvVarsInLog = 0;
		};
		EF60EA63112C1C0CFE67C352 /* [CP] Check Pods Manifest.lock */ = {
			isa = PBXShellScriptBuildPhase;
			buildActionMask = 2147483647;
			files = (
			);
			inputFileListPaths = (
			);
			inputPaths = (
				"${PODS_PODFILE_DIR_PATH}/Podfile.lock",
				"${PODS_ROOT}/Manifest.lock",
			);
			name = "[CP] Check Pods Manifest.lock";
			outputFileListPaths = (
			);
			outputPaths = (
				"$(DERIVED_FILE_DIR)/Pods-digio_testeTests-checkManifestLockResult.txt",
			);
			runOnlyForDeploymentPostprocessing = 0;
			shellPath = /bin/sh;
			shellScript = "diff \"${PODS_PODFILE_DIR_PATH}/Podfile.lock\" \"${PODS_ROOT}/Manifest.lock\" > /dev/null\nif [ $? != 0 ] ; then\n    # print error to STDERR\n    echo \"error: The sandbox is not in sync with the Podfile.lock. Run 'pod install' or update your CocoaPods installation.\" >&2\n    exit 1\nfi\n# This output is used by Xcode 'outputs' to avoid re-running this script phase.\necho \"SUCCESS\" > \"${SCRIPT_OUTPUT_FILE_0}\"\n";
			showEnvVarsInLog = 0;
		};
/* End PBXShellScriptBuildPhase section */

/* Begin PBXSourcesBuildPhase section */
		3F8697C62586E66500E63F42 /* Sources */ = {
			isa = PBXSourcesBuildPhase;
			buildActionMask = 2147483647;
			files = (
				3F8697D22586E66500E63F42 /* ViewController.swift in Sources */,
				3F8698122586E81000E63F42 /* contentModel.swift in Sources */,
				3F8697CE2586E66500E63F42 /* AppDelegate.swift in Sources */,
				3F8698272586E84500E63F42 /* Intercept.swift in Sources */,
				3F8698382586F42500E63F42 /* APIService.swift in Sources */,
				3F86981B2586E82500E63F42 /* Helpers.swift in Sources */,
				3F8698302586F38400E63F42 /* HomeView.swift in Sources */,
				3F8697D02586E66500E63F42 /* SceneDelegate.swift in Sources */,
				3F8698212586E83500E63F42 /* HomeViewController.swift in Sources */,
				3F8698312586F38400E63F42 /* SpotlightCell.swift in Sources */,
				3F8698322586F38400E63F42 /* ProductsCell.swift in Sources */,
			);
			runOnlyForDeploymentPostprocessing = 0;
		};
		3F8697DC2586E66800E63F42 /* Sources */ = {
			isa = PBXSourcesBuildPhase;
			buildActionMask = 2147483647;
			files = (
				3F8697E52586E66900E63F42 /* digio_testeTests.swift in Sources */,
			);
			runOnlyForDeploymentPostprocessing = 0;
		};
		3F8697E72586E66900E63F42 /* Sources */ = {
			isa = PBXSourcesBuildPhase;
			buildActionMask = 2147483647;
			files = (
				3F8697F02586E66900E63F42 /* digio_testeUITests.swift in Sources */,
			);
			runOnlyForDeploymentPostprocessing = 0;
		};
/* End PBXSourcesBuildPhase section */

/* Begin PBXTargetDependency section */
		3F8697E22586E66900E63F42 /* PBXTargetDependency */ = {
			isa = PBXTargetDependency;
			target = 3F8697C92586E66500E63F42 /* digio_teste */;
			targetProxy = 3F8697E12586E66900E63F42 /* PBXContainerItemProxy */;
		};
		3F8697ED2586E66900E63F42 /* PBXTargetDependency */ = {
			isa = PBXTargetDependency;
			target = 3F8697C92586E66500E63F42 /* digio_teste */;
			targetProxy = 3F8697EC2586E66900E63F42 /* PBXContainerItemProxy */;
		};
/* End PBXTargetDependency section */

/* Begin PBXVariantGroup section */
		3F8697D32586E66500E63F42 /* Main.storyboard */ = {
			isa = PBXVariantGroup;
			children = (
				3F8697D42586E66500E63F42 /* Base */,
			);
			name = Main.storyboard;
			sourceTree = "<group>";
		};
		3F8697D82586E66800E63F42 /* LaunchScreen.storyboard */ = {
			isa = PBXVariantGroup;
			children = (
				3F8697D92586E66800E63F42 /* Base */,
			);
			name = LaunchScreen.storyboard;
			sourceTree = "<group>";
		};
/* End PBXVariantGroup section */

/* Begin XCBuildConfiguration section */
		3F8697F22586E66900E63F42 /* Debug */ = {
			isa = XCBuildConfiguration;
			buildSettings = {
				ALWAYS_SEARCH_USER_PATHS = NO;
				CLANG_ANALYZER_NONNULL = YES;
				CLANG_ANALYZER_NUMBER_OBJECT_CONVERSION = YES_AGGRESSIVE;
				CLANG_CXX_LANGUAGE_STANDARD = "gnu++14";
				CLANG_CXX_LIBRARY = "libc++";
				CLANG_ENABLE_MODULES = YES;
				CLANG_ENABLE_OBJC_ARC = YES;
				CLANG_ENABLE_OBJC_WEAK = YES;
				CLANG_WARN_BLOCK_CAPTURE_AUTORELEASING = YES;
				CLANG_WARN_BOOL_CONVERSION = YES;
				CLANG_WARN_COMMA = YES;
				CLANG_WARN_CONSTANT_CONVERSION = YES;
				CLANG_WARN_DEPRECATED_OBJC_IMPLEMENTATIONS = YES;
				CLANG_WARN_DIRECT_OBJC_ISA_USAGE = YES_ERROR;
				CLANG_WARN_DOCUMENTATION_COMMENTS = YES;
				CLANG_WARN_EMPTY_BODY = YES;
				CLANG_WARN_ENUM_CONVERSION = YES;
				CLANG_WARN_INFINITE_RECURSION = YES;
				CLANG_WARN_INT_CONVERSION = YES;
				CLANG_WARN_NON_LITERAL_NULL_CONVERSION = YES;
				CLANG_WARN_OBJC_IMPLICIT_RETAIN_SELF = YES;
				CLANG_WARN_OBJC_LITERAL_CONVERSION = YES;
				CLANG_WARN_OBJC_ROOT_CLASS = YES_ERROR;
				CLANG_WARN_QUOTED_INCLUDE_IN_FRAMEWORK_HEADER = YES;
				CLANG_WARN_RANGE_LOOP_ANALYSIS = YES;
				CLANG_WARN_STRICT_PROTOTYPES = YES;
				CLANG_WARN_SUSPICIOUS_MOVE = YES;
				CLANG_WARN_UNGUARDED_AVAILABILITY = YES_AGGRESSIVE;
				CLANG_WARN_UNREACHABLE_CODE = YES;
				CLANG_WARN__DUPLICATE_METHOD_MATCH = YES;
				COPY_PHASE_STRIP = NO;
				DEBUG_INFORMATION_FORMAT = dwarf;
				ENABLE_STRICT_OBJC_MSGSEND = YES;
				ENABLE_TESTABILITY = YES;
				GCC_C_LANGUAGE_STANDARD = gnu11;
				GCC_DYNAMIC_NO_PIC = NO;
				GCC_NO_COMMON_BLOCKS = YES;
				GCC_OPTIMIZATION_LEVEL = 0;
				GCC_PREPROCESSOR_DEFINITIONS = (
					"DEBUG=1",
					"$(inherited)",
				);
				GCC_WARN_64_TO_32_BIT_CONVERSION = YES;
				GCC_WARN_ABOUT_RETURN_TYPE = YES_ERROR;
				GCC_WARN_UNDECLARED_SELECTOR = YES;
				GCC_WARN_UNINITIALIZED_AUTOS = YES_AGGRESSIVE;
				GCC_WARN_UNUSED_FUNCTION = YES;
				GCC_WARN_UNUSED_VARIABLE = YES;
				IPHONEOS_DEPLOYMENT_TARGET = 14.2;
				MTL_ENABLE_DEBUG_INFO = INCLUDE_SOURCE;
				MTL_FAST_MATH = YES;
				ONLY_ACTIVE_ARCH = YES;
				SDKROOT = iphoneos;
				SWIFT_ACTIVE_COMPILATION_CONDITIONS = DEBUG;
				SWIFT_OPTIMIZATION_LEVEL = "-Onone";
			};
			name = Debug;
		};
		3F8697F32586E66900E63F42 /* Release */ = {
			isa = XCBuildConfiguration;
			buildSettings = {
				ALWAYS_SEARCH_USER_PATHS = NO;
				CLANG_ANALYZER_NONNULL = YES;
				CLANG_ANALYZER_NUMBER_OBJECT_CONVERSION = YES_AGGRESSIVE;
				CLANG_CXX_LANGUAGE_STANDARD = "gnu++14";
				CLANG_CXX_LIBRARY = "libc++";
				CLANG_ENABLE_MODULES = YES;
				CLANG_ENABLE_OBJC_ARC = YES;
				CLANG_ENABLE_OBJC_WEAK = YES;
				CLANG_WARN_BLOCK_CAPTURE_AUTORELEASING = YES;
				CLANG_WARN_BOOL_CONVERSION = YES;
				CLANG_WARN_COMMA = YES;
				CLANG_WARN_CONSTANT_CONVERSION = YES;
				CLANG_WARN_DEPRECATED_OBJC_IMPLEMENTATIONS = YES;
				CLANG_WARN_DIRECT_OBJC_ISA_USAGE = YES_ERROR;
				CLANG_WARN_DOCUMENTATION_COMMENTS = YES;
				CLANG_WARN_EMPTY_BODY = YES;
				CLANG_WARN_ENUM_CONVERSION = YES;
				CLANG_WARN_INFINITE_RECURSION = YES;
				CLANG_WARN_INT_CONVERSION = YES;
				CLANG_WARN_NON_LITERAL_NULL_CONVERSION = YES;
				CLANG_WARN_OBJC_IMPLICIT_RETAIN_SELF = YES;
				CLANG_WARN_OBJC_LITERAL_CONVERSION = YES;
				CLANG_WARN_OBJC_ROOT_CLASS = YES_ERROR;
				CLANG_WARN_QUOTED_INCLUDE_IN_FRAMEWORK_HEADER = YES;
				CLANG_WARN_RANGE_LOOP_ANALYSIS = YES;
				CLANG_WARN_STRICT_PROTOTYPES = YES;
				CLANG_WARN_SUSPICIOUS_MOVE = YES;
				CLANG_WARN_UNGUARDED_AVAILABILITY = YES_AGGRESSIVE;
				CLANG_WARN_UNREACHABLE_CODE = YES;
				CLANG_WARN__DUPLICATE_METHOD_MATCH = YES;
				COPY_PHASE_STRIP = NO;
				DEBUG_INFORMATION_FORMAT = "dwarf-with-dsym";
				ENABLE_NS_ASSERTIONS = NO;
				ENABLE_STRICT_OBJC_MSGSEND = YES;
				GCC_C_LANGUAGE_STANDARD = gnu11;
				GCC_NO_COMMON_BLOCKS = YES;
				GCC_WARN_64_TO_32_BIT_CONVERSION = YES;
				GCC_WARN_ABOUT_RETURN_TYPE = YES_ERROR;
				GCC_WARN_UNDECLARED_SELECTOR = YES;
				GCC_WARN_UNINITIALIZED_AUTOS = YES_AGGRESSIVE;
				GCC_WARN_UNUSED_FUNCTION = YES;
				GCC_WARN_UNUSED_VARIABLE = YES;
				IPHONEOS_DEPLOYMENT_TARGET = 14.2;
				MTL_ENABLE_DEBUG_INFO = NO;
				MTL_FAST_MATH = YES;
				SDKROOT = iphoneos;
				SWIFT_COMPILATION_MODE = wholemodule;
				SWIFT_OPTIMIZATION_LEVEL = "-O";
				VALIDATE_PRODUCT = YES;
			};
			name = Release;
		};
		3F8697F52586E66900E63F42 /* Debug */ = {
			isa = XCBuildConfiguration;
			baseConfigurationReference = C57DEC8746E52F36791AE30A /* Pods-digio_teste.debug.xcconfig */;
			buildSettings = {
				ASSETCATALOG_COMPILER_APPICON_NAME = AppIcon;
				ASSETCATALOG_COMPILER_GLOBAL_ACCENT_COLOR_NAME = AccentColor;
				CODE_SIGN_STYLE = Automatic;
				INFOPLIST_FILE = digio_teste/Info.plist;
				LD_RUNPATH_SEARCH_PATHS = (
					"$(inherited)",
					"@executable_path/Frameworks",
				);
				PRODUCT_BUNDLE_IDENTIFIER = "guicunha.com.digio-teste";
				PRODUCT_NAME = "$(TARGET_NAME)";
				SWIFT_VERSION = 5.0;
				TARGETED_DEVICE_FAMILY = "1,2";
			};
			name = Debug;
		};
		3F8697F62586E66900E63F42 /* Release */ = {
			isa = XCBuildConfiguration;
			baseConfigurationReference = 76F568891466E70E64AAC102 /* Pods-digio_teste.release.xcconfig */;
			buildSettings = {
				ASSETCATALOG_COMPILER_APPICON_NAME = AppIcon;
				ASSETCATALOG_COMPILER_GLOBAL_ACCENT_COLOR_NAME = AccentColor;
				CODE_SIGN_STYLE = Automatic;
				INFOPLIST_FILE = digio_teste/Info.plist;
				LD_RUNPATH_SEARCH_PATHS = (
					"$(inherited)",
					"@executable_path/Frameworks",
				);
				PRODUCT_BUNDLE_IDENTIFIER = "guicunha.com.digio-teste";
				PRODUCT_NAME = "$(TARGET_NAME)";
				SWIFT_VERSION = 5.0;
				TARGETED_DEVICE_FAMILY = "1,2";
			};
			name = Release;
		};
		3F8697F82586E66900E63F42 /* Debug */ = {
			isa = XCBuildConfiguration;
			baseConfigurationReference = 5EFBE7B4AFF3ACF9BD7A21ED /* Pods-digio_testeTests.debug.xcconfig */;
			buildSettings = {
				ALWAYS_EMBED_SWIFT_STANDARD_LIBRARIES = YES;
				BUNDLE_LOADER = "$(TEST_HOST)";
				CODE_SIGN_STYLE = Automatic;
				INFOPLIST_FILE = digio_testeTests/Info.plist;
				IPHONEOS_DEPLOYMENT_TARGET = 14.2;
				LD_RUNPATH_SEARCH_PATHS = (
					"$(inherited)",
					"@executable_path/Frameworks",
					"@loader_path/Frameworks",
				);
				PRODUCT_BUNDLE_IDENTIFIER = "guicunha.com.digio-testeTests";
				PRODUCT_NAME = "$(TARGET_NAME)";
				SWIFT_VERSION = 5.0;
				TARGETED_DEVICE_FAMILY = "1,2";
				TEST_HOST = "$(BUILT_PRODUCTS_DIR)/digio_teste.app/digio_teste";
			};
			name = Debug;
		};
		3F8697F92586E66900E63F42 /* Release */ = {
			isa = XCBuildConfiguration;
			baseConfigurationReference = BEB4A83B17131AF041CE534E /* Pods-digio_testeTests.release.xcconfig */;
			buildSettings = {
				ALWAYS_EMBED_SWIFT_STANDARD_LIBRARIES = YES;
				BUNDLE_LOADER = "$(TEST_HOST)";
				CODE_SIGN_STYLE = Automatic;
				INFOPLIST_FILE = digio_testeTests/Info.plist;
				IPHONEOS_DEPLOYMENT_TARGET = 14.2;
				LD_RUNPATH_SEARCH_PATHS = (
					"$(inherited)",
					"@executable_path/Frameworks",
					"@loader_path/Frameworks",
				);
				PRODUCT_BUNDLE_IDENTIFIER = "guicunha.com.digio-testeTests";
				PRODUCT_NAME = "$(TARGET_NAME)";
				SWIFT_VERSION = 5.0;
				TARGETED_DEVICE_FAMILY = "1,2";
				TEST_HOST = "$(BUILT_PRODUCTS_DIR)/digio_teste.app/digio_teste";
			};
			name = Release;
		};
		3F8697FB2586E66900E63F42 /* Debug */ = {
			isa = XCBuildConfiguration;
			baseConfigurationReference = 45478CE1B859089363BA9E91 /* Pods-digio_teste-digio_testeUITests.debug.xcconfig */;
			buildSettings = {
				ALWAYS_EMBED_SWIFT_STANDARD_LIBRARIES = YES;
				CODE_SIGN_STYLE = Automatic;
				INFOPLIST_FILE = digio_testeUITests/Info.plist;
				LD_RUNPATH_SEARCH_PATHS = (
					"$(inherited)",
					"@executable_path/Frameworks",
					"@loader_path/Frameworks",
				);
				PRODUCT_BUNDLE_IDENTIFIER = "guicunha.com.digio-testeUITests";
				PRODUCT_NAME = "$(TARGET_NAME)";
				SWIFT_VERSION = 5.0;
				TARGETED_DEVICE_FAMILY = "1,2";
				TEST_TARGET_NAME = digio_teste;
			};
			name = Debug;
		};
		3F8697FC2586E66900E63F42 /* Release */ = {
			isa = XCBuildConfiguration;
			baseConfigurationReference = B1FC98FD4B2308A1C8A4DCCA /* Pods-digio_teste-digio_testeUITests.release.xcconfig */;
			buildSettings = {
				ALWAYS_EMBED_SWIFT_STANDARD_LIBRARIES = YES;
				CODE_SIGN_STYLE = Automatic;
				INFOPLIST_FILE = digio_testeUITests/Info.plist;
				LD_RUNPATH_SEARCH_PATHS = (
					"$(inherited)",
					"@executable_path/Frameworks",
					"@loader_path/Frameworks",
				);
				PRODUCT_BUNDLE_IDENTIFIER = "guicunha.com.digio-testeUITests";
				PRODUCT_NAME = "$(TARGET_NAME)";
				SWIFT_VERSION = 5.0;
				TARGETED_DEVICE_FAMILY = "1,2";
				TEST_TARGET_NAME = digio_teste;
			};
			name = Release;
		};
/* End XCBuildConfiguration section */

/* Begin XCConfigurationList section */
		3F8697C52586E66500E63F42 /* Build configuration list for PBXProject "digio_teste" */ = {
			isa = XCConfigurationList;
			buildConfigurations = (
				3F8697F22586E66900E63F42 /* Debug */,
				3F8697F32586E66900E63F42 /* Release */,
			);
			defaultConfigurationIsVisible = 0;
			defaultConfigurationName = Release;
		};
		3F8697F42586E66900E63F42 /* Build configuration list for PBXNativeTarget "digio_teste" */ = {
			isa = XCConfigurationList;
			buildConfigurations = (
				3F8697F52586E66900E63F42 /* Debug */,
				3F8697F62586E66900E63F42 /* Release */,
			);
			defaultConfigurationIsVisible = 0;
			defaultConfigurationName = Release;
		};
		3F8697F72586E66900E63F42 /* Build configuration list for PBXNativeTarget "digio_testeTests" */ = {
			isa = XCConfigurationList;
			buildConfigurations = (
				3F8697F82586E66900E63F42 /* Debug */,
				3F8697F92586E66900E63F42 /* Release */,
			);
			defaultConfigurationIsVisible = 0;
			defaultConfigurationName = Release;
		};
		3F8697FA2586E66900E63F42 /* Build configuration list for PBXNativeTarget "digio_testeUITests" */ = {
			isa = XCConfigurationList;
			buildConfigurations = (
				3F8697FB2586E66900E63F42 /* Debug */,
				3F8697FC2586E66900E63F42 /* Release */,
			);
			defaultConfigurationIsVisible = 0;
			defaultConfigurationName = Release;
		};
/* End XCConfigurationList section */
	};
	rootObject = 3F8697C22586E66500E63F42 /* Project object */;
}
